
Microsoft Visual Studio Solution File, Format Version 12.00
# Visual Studio Version 17
VisualStudioVersion = 17.9.34723.18
MinimumVisualStudioVersion = 10.0.40219.1
Project("{FAE04EC0-301F-11D3-BF4B-00C04F79EFBC}") = "MessengerServer", "MessengerServer\MessengerServer.csproj", "{1B3D173E-8501-45CE-9DD5-E71D474C891D}"
EndProject
Project("{FAE04EC0-301F-11D3-BF4B-00C04F79EFBC}") = "Application", "Application\Application.csproj", "{5D24E22F-1619-48E8-95C3-2FA67827D1B8}"
EndProject
Project("{FAE04EC0-301F-11D3-BF4B-00C04F79EFBC}") = "Infrastructure", "Infrastructure\Infrastructure.csproj", "{D7DF6020-1D8F-4B8C-9C69-E3D952981505}"
EndProject
Project("{FAE04EC0-301F-11D3-BF4B-00C04F79EFBC}") = "Domain", "Domain\Domain.csproj", "{B0AB5342-DF1C-4158-A655-DED233A99F72}"
EndProject
Global
	GlobalSection(SolutionConfigurationPlatforms) = preSolution
		Debug|Any CPU = Debug|Any CPU
		Release|Any CPU = Release|Any CPU
	EndGlobalSection
	GlobalSection(ProjectConfigurationPlatforms) = postSolution
		{1B3D173E-8501-45CE-9DD5-E71D474C891D}.Debug|Any CPU.ActiveCfg = Debug|Any CPU
		{1B3D173E-8501-45CE-9DD5-E71D474C891D}.Debug|Any CPU.Build.0 = Debug|Any CPU
		{1B3D173E-8501-45CE-9DD5-E71D474C891D}.Release|Any CPU.ActiveCfg = Release|Any CPU
		{1B3D173E-8501-45CE-9DD5-E71D474C891D}.Release|Any CPU.Build.0 = Release|Any CPU
		{5D24E22F-1619-48E8-95C3-2FA67827D1B8}.Debug|Any CPU.ActiveCfg = Debug|Any CPU
		{5D24E22F-1619-48E8-95C3-2FA67827D1B8}.Debug|Any CPU.Build.0 = Debug|Any CPU
		{5D24E22F-1619-48E8-95C3-2FA67827D1B8}.Release|Any CPU.ActiveCfg = Release|Any CPU
		{5D24E22F-1619-48E8-95C3-2FA67827D1B8}.Release|Any CPU.Build.0 = Release|Any CPU
		{D7DF6020-1D8F-4B8C-9C69-E3D952981505}.Debug|Any CPU.ActiveCfg = Debug|Any CPU
		{D7DF6020-1D8F-4B8C-9C69-E3D952981505}.Debug|Any CPU.Build.0 = Debug|Any CPU
		{D7DF6020-1D8F-4B8C-9C69-E3D952981505}.Release|Any CPU.ActiveCfg = Release|Any CPU
		{D7DF6020-1D8F-4B8C-9C69-E3D952981505}.Release|Any CPU.Build.0 = Release|Any CPU
		{B0AB5342-DF1C-4158-A655-DED233A99F72}.Debug|Any CPU.ActiveCfg = Debug|Any CPU
		{B0AB5342-DF1C-4158-A655-DED233A99F72}.Debug|Any CPU.Build.0 = Debug|Any CPU
		{B0AB5342-DF1C-4158-A655-DED233A99F72}.Release|Any CPU.ActiveCfg = Release|Any CPU
		{B0AB5342-DF1C-4158-A655-DED233A99F72}.Release|Any CPU.Build.0 = Release|Any CPU
	EndGlobalSection
	GlobalSection(SolutionProperties) = preSolution
		HideSolutionNode = FALSE
	EndGlobalSection
	GlobalSection(ExtensibilityGlobals) = postSolution
		SolutionGuid = {54663278-CB21-4C4F-B0E4-6B40FCD6EC1B}
	EndGlobalSection
EndGlobal
